
Microsoft Visual Studio Solution File, Format Version 12.00
# Visual Studio 15
VisualStudioVersion = 15.0.27703.2018
MinimumVisualStudioVersion = 10.0.40219.1
Project("{FAE04EC0-301F-11D3-BF4B-00C04F79EFBC}") = "Loops", "Loops\Loops.csproj", "{7A49CCD9-16EC-4A4F-BFA6-D2F75F3D24C9}"
EndProject
Project("{FAE04EC0-301F-11D3-BF4B-00C04F79EFBC}") = "Step94.cs", "Step94.cs\Step94.cs.csproj", "{FA415DC5-804A-4615-8B91-CA2A6C5747B2}"
EndProject
Global
	GlobalSection(SolutionConfigurationPlatforms) = preSolution
		Debug|Any CPU = Debug|Any CPU
		Release|Any CPU = Release|Any CPU
	EndGlobalSection
	GlobalSection(ProjectConfigurationPlatforms) = postSolution
		{7A49CCD9-16EC-4A4F-BFA6-D2F75F3D24C9}.Debug|Any CPU.ActiveCfg = Debug|Any CPU
		{7A49CCD9-16EC-4A4F-BFA6-D2F75F3D24C9}.Debug|Any CPU.Build.0 = Debug|Any CPU
		{7A49CCD9-16EC-4A4F-BFA6-D2F75F3D24C9}.Release|Any CPU.ActiveCfg = Release|Any CPU
		{7A49CCD9-16EC-4A4F-BFA6-D2F75F3D24C9}.Release|Any CPU.Build.0 = Release|Any CPU
		{FA415DC5-804A-4615-8B91-CA2A6C5747B2}.Debug|Any CPU.ActiveCfg = Debug|Any CPU
		{FA415DC5-804A-4615-8B91-CA2A6C5747B2}.Debug|Any CPU.Build.0 = Debug|Any CPU
		{FA415DC5-804A-4615-8B91-CA2A6C5747B2}.Release|Any CPU.ActiveCfg = Release|Any CPU
		{FA415DC5-804A-4615-8B91-CA2A6C5747B2}.Release|Any CPU.Build.0 = Release|Any CPU
	EndGlobalSection
	GlobalSection(SolutionProperties) = preSolution
		HideSolutionNode = FALSE
	EndGlobalSection
	GlobalSection(ExtensibilityGlobals) = postSolution
		SolutionGuid = {E8FF2318-431D-4DD4-9D1B-982C557E4E61}
	EndGlobalSection
EndGlobal
