
Microsoft Visual Studio Solution File, Format Version 12.00
# Visual Studio 15
VisualStudioVersion = 15.0.28307.421
MinimumVisualStudioVersion = 10.0.40219.1
Project("{FAE04EC0-301F-11D3-BF4B-00C04F79EFBC}") = "Generics Drill", "Generics Drill\Generics Drill.csproj", "{C35B806F-6740-4CBA-BD22-83839A4EC8FA}"
EndProject
Global
	GlobalSection(SolutionConfigurationPlatforms) = preSolution
		Debug|Any CPU = Debug|Any CPU
		Release|Any CPU = Release|Any CPU
	EndGlobalSection
	GlobalSection(ProjectConfigurationPlatforms) = postSolution
		{C35B806F-6740-4CBA-BD22-83839A4EC8FA}.Debug|Any CPU.ActiveCfg = Debug|Any CPU
		{C35B806F-6740-4CBA-BD22-83839A4EC8FA}.Debug|Any CPU.Build.0 = Debug|Any CPU
		{C35B806F-6740-4CBA-BD22-83839A4EC8FA}.Release|Any CPU.ActiveCfg = Release|Any CPU
		{C35B806F-6740-4CBA-BD22-83839A4EC8FA}.Release|Any CPU.Build.0 = Release|Any CPU
	EndGlobalSection
	GlobalSection(SolutionProperties) = preSolution
		HideSolutionNode = FALSE
	EndGlobalSection
	GlobalSection(ExtensibilityGlobals) = postSolution
		SolutionGuid = {0424C9CC-6B4E-49E6-A0B6-2C4A545B0A2F}
	EndGlobalSection
EndGlobal
